
Microsoft Visual Studio Solution File, Format Version 12.00
# Visual Studio Version 17
VisualStudioVersion = 17.8.34511.84
MinimumVisualStudioVersion = 10.0.40219.1
Project("{8BC9CEB8-8B4A-11D0-8D11-00A0C91BC942}") = "SoundAgentLib", "Projects\SoundAgentLib\SoundAgentLib.vcxproj", "{19C404F0-A83C-4E4F-A931-7A76809CC0C5}"
EndProject
Project("{2150E333-8FDC-42A3-9474-1A3956D46DE8}") = "Solution Items", "Solution Items", "{F91E0676-3871-489C-9444-F8979C0B6D46}"
	ProjectSection(SolutionItems) = preProject
		.gitignore = .gitignore
		.github\workflows\build.yml = .github\workflows\build.yml
		LICENSE = LICENSE
		README.md = README.md
		SoundWinAgent-Release-Notes.md = SoundWinAgent-Release-Notes.md
		vcpkg.json = vcpkg.json
	EndProjectSection
EndProject
Project("{8BC9CEB8-8B4A-11D0-8D11-00A0C91BC942}") = "SoundAgentCli", "Projects\SoundAgentCli\SoundAgentCli.vcxproj", "{844C9DC2-66C1-4778-97FC-AF3AE88B679B}"
EndProject
Project("{8BC9CEB8-8B4A-11D0-8D11-00A0C91BC942}") = "SoundAgentLibTests", "Projects\SoundAgentLibTests\SoundAgentLibTests.vcxproj", "{6ADFEACB-EFA0-40D3-84FF-9BAEA2A264EA}"
EndProject
Project("{8BC9CEB8-8B4A-11D0-8D11-00A0C91BC942}") = "SoundWinAgent", "Projects\SoundWinAgent\SoundWinAgent.vcxproj", "{BC83DAA4-CBA8-4D4F-B6B9-3BAA9B1849A8}"
EndProject
Global
	GlobalSection(SolutionConfigurationPlatforms) = preSolution
		Debug|Any CPU = Debug|Any CPU
		Release|Any CPU = Release|Any CPU
	EndGlobalSection
	GlobalSection(ProjectConfigurationPlatforms) = postSolution
		{19C404F0-A83C-4E4F-A931-7A76809CC0C5}.Debug|Any CPU.ActiveCfg = Debug|x64
		{19C404F0-A83C-4E4F-A931-7A76809CC0C5}.Debug|Any CPU.Build.0 = Debug|x64
		{19C404F0-A83C-4E4F-A931-7A76809CC0C5}.Debug|Any CPU.Deploy.0 = Debug|x64
		{19C404F0-A83C-4E4F-A931-7A76809CC0C5}.Release|Any CPU.ActiveCfg = Release|x64
		{19C404F0-A83C-4E4F-A931-7A76809CC0C5}.Release|Any CPU.Build.0 = Release|x64
		{19C404F0-A83C-4E4F-A931-7A76809CC0C5}.Release|Any CPU.Deploy.0 = Release|x64
		{844C9DC2-66C1-4778-97FC-AF3AE88B679B}.Debug|Any CPU.ActiveCfg = Debug|x64
		{844C9DC2-66C1-4778-97FC-AF3AE88B679B}.Debug|Any CPU.Build.0 = Debug|x64
		{844C9DC2-66C1-4778-97FC-AF3AE88B679B}.Debug|Any CPU.Deploy.0 = Debug|x64
		{844C9DC2-66C1-4778-97FC-AF3AE88B679B}.Release|Any CPU.ActiveCfg = Release|x64
		{844C9DC2-66C1-4778-97FC-AF3AE88B679B}.Release|Any CPU.Build.0 = Release|x64
		{844C9DC2-66C1-4778-97FC-AF3AE88B679B}.Release|Any CPU.Deploy.0 = Release|x64
		{6ADFEACB-EFA0-40D3-84FF-9BAEA2A264EA}.Debug|Any CPU.ActiveCfg = Debug|x64
		{6ADFEACB-EFA0-40D3-84FF-9BAEA2A264EA}.Debug|Any CPU.Build.0 = Debug|x64
		{6ADFEACB-EFA0-40D3-84FF-9BAEA2A264EA}.Debug|Any CPU.Deploy.0 = Debug|x64
		{6ADFEACB-EFA0-40D3-84FF-9BAEA2A264EA}.Release|Any CPU.ActiveCfg = Release|x64
		{6ADFEACB-EFA0-40D3-84FF-9BAEA2A264EA}.Release|Any CPU.Build.0 = Release|x64
		{6ADFEACB-EFA0-40D3-84FF-9BAEA2A264EA}.Release|Any CPU.Deploy.0 = Release|x64
		{BC83DAA4-CBA8-4D4F-B6B9-3BAA9B1849A8}.Debug|Any CPU.ActiveCfg = Debug|x64
		{BC83DAA4-CBA8-4D4F-B6B9-3BAA9B1849A8}.Debug|Any CPU.Build.0 = Debug|x64
		{BC83DAA4-CBA8-4D4F-B6B9-3BAA9B1849A8}.Debug|Any CPU.Deploy.0 = Debug|x64
		{BC83DAA4-CBA8-4D4F-B6B9-3BAA9B1849A8}.Release|Any CPU.ActiveCfg = Release|x64
		{BC83DAA4-CBA8-4D4F-B6B9-3BAA9B1849A8}.Release|Any CPU.Build.0 = Release|x64
		{BC83DAA4-CBA8-4D4F-B6B9-3BAA9B1849A8}.Release|Any CPU.Deploy.0 = Release|x64
	EndGlobalSection
	GlobalSection(SolutionProperties) = preSolution
		HideSolutionNode = FALSE
	EndGlobalSection
	GlobalSection(ExtensibilityGlobals) = postSolution
		SolutionGuid = {C671421F-7380-4959-B337-7B33904234CC}
	EndGlobalSection
EndGlobal
